// !$*UTF8*$!
{
	archiveVersion = 1;
	classes = {
	};
	objectVersion = 46;
	objects = {

/* Begin PBXBuildFile section */
		E51A13B3191B59AE00990CD5 /* Foundation.framework in Frameworks */ = {isa = PBXBuildFile; fileRef = E51A13B2191B59AE00990CD5 /* Foundation.framework */; };
		E51A13B5191B59AE00990CD5 /* CoreGraphics.framework in Frameworks */ = {isa = PBXBuildFile; fileRef = E51A13B4191B59AE00990CD5 /* CoreGraphics.framework */; };
		E51A13B7191B59AE00990CD5 /* UIKit.framework in Frameworks */ = {isa = PBXBuildFile; fileRef = E51A13B6191B59AE00990CD5 /* UIKit.framework */; };
		E51A13BD191B59AE00990CD5 /* InfoPlist.strings in Resources */ = {isa = PBXBuildFile; fileRef = E51A13BB191B59AE00990CD5 /* InfoPlist.strings */; };
		E51A13BF191B59AE00990CD5 /* main.m in Sources */ = {isa = PBXBuildFile; fileRef = E51A13BE191B59AE00990CD5 /* main.m */; };
		E51A13C3191B59AE00990CD5 /* AppDelegate.m in Sources */ = {isa = PBXBuildFile; fileRef = E51A13C2191B59AE00990CD5 /* AppDelegate.m */; };
		E51A13C6191B59AE00990CD5 /* Main.storyboard in Resources */ = {isa = PBXBuildFile; fileRef = E51A13C4191B59AE00990CD5 /* Main.storyboard */; };
		E51A13C9191B59AE00990CD5 /* ViewController.m in Sources */ = {isa = PBXBuildFile; fileRef = E51A13C8191B59AE00990CD5 /* ViewController.m */; };
		E51A13CB191B59AE00990CD5 /* Images.xcassets in Resources */ = {isa = PBXBuildFile; fileRef = E51A13CA191B59AE00990CD5 /* Images.xcassets */; };
		E51A13D2191B59AE00990CD5 /* XCTest.framework in Frameworks */ = {isa = PBXBuildFile; fileRef = E51A13D1191B59AE00990CD5 /* XCTest.framework */; };
		E51A13D3191B59AE00990CD5 /* Foundation.framework in Frameworks */ = {isa = PBXBuildFile; fileRef = E51A13B2191B59AE00990CD5 /* Foundation.framework */; };
		E51A13D4191B59AE00990CD5 /* UIKit.framework in Frameworks */ = {isa = PBXBuildFile; fileRef = E51A13B6191B59AE00990CD5 /* UIKit.framework */; };
		E51A13DC191B59AE00990CD5 /* InfoPlist.strings in Resources */ = {isa = PBXBuildFile; fileRef = E51A13DA191B59AE00990CD5 /* InfoPlist.strings */; };
		E51A13DE191B59AE00990CD5 /* BonRevoirTests.m in Sources */ = {isa = PBXBuildFile; fileRef = E51A13DD191B59AE00990CD5 /* BonRevoirTests.m */; };
/* End PBXBuildFile section */

/* Begin PBXContainerItemProxy section */
		E51A13D5191B59AE00990CD5 /* PBXContainerItemProxy */ = {
			isa = PBXContainerItemProxy;
			containerPortal = E51A13A7191B59AE00990CD5 /* Project object */;
			proxyType = 1;
			remoteGlobalIDString = E51A13AE191B59AE00990CD5;
			remoteInfo = BonRevoir;
		};
/* End PBXContainerItemProxy section */

/* Begin PBXFileReference section */
		E51A13AF191B59AE00990CD5 /* BonRevoir.app */ = {isa = PBXFileReference; explicitFileType = wrapper.application; includeInIndex = 0; path = BonRevoir.app; sourceTree = BUILT_PRODUCTS_DIR; };
		E51A13B2191B59AE00990CD5 /* Foundation.framework */ = {isa = PBXFileReference; lastKnownFileType = wrapper.framework; name = Foundation.framework; path = System/Library/Frameworks/Foundation.framework; sourceTree = SDKROOT; };
		E51A13B4191B59AE00990CD5 /* CoreGraphics.framework */ = {isa = PBXFileReference; lastKnownFileType = wrapper.framework; name = CoreGraphics.framework; path = System/Library/Frameworks/CoreGraphics.framework; sourceTree = SDKROOT; };
		E51A13B6191B59AE00990CD5 /* UIKit.framework */ = {isa = PBXFileReference; lastKnownFileType = wrapper.framework; name = UIKit.framework; path = System/Library/Frameworks/UIKit.framework; sourceTree = SDKROOT; };
		E51A13BA191B59AE00990CD5 /* BonRevoir-Info.plist */ = {isa = PBXFileReference; lastKnownFileType = text.plist.xml; path = "BonRevoir-Info.plist"; sourceTree = "<group>"; };
		E51A13BC191B59AE00990CD5 /* en */ = {isa = PBXFileReference; lastKnownFileType = text.plist.strings; name = en; path = en.lproj/InfoPlist.strings; sourceTree = "<group>"; };
		E51A13BE191B59AE00990CD5 /* main.m */ = {isa = PBXFileReference; lastKnownFileType = sourcecode.c.objc; path = main.m; sourceTree = "<group>"; };
		E51A13C0191B59AE00990CD5 /* BonRevoir-Prefix.pch */ = {isa = PBXFileReference; lastKnownFileType = sourcecode.c.h; path = "BonRevoir-Prefix.pch"; sourceTree = "<group>"; };
		E51A13C1191B59AE00990CD5 /* AppDelegate.h */ = {isa = PBXFileReference; lastKnownFileType = sourcecode.c.h; path = AppDelegate.h; sourceTree = "<group>"; };
		E51A13C2191B59AE00990CD5 /* AppDelegate.m */ = {isa = PBXFileReference; lastKnownFileType = sourcecode.c.objc; path = AppDelegate.m; sourceTree = "<group>"; };
		E51A13C5191B59AE00990CD5 /* Base */ = {isa = PBXFileReference; lastKnownFileType = file.storyboard; name = Base; path = Base.lproj/Main.storyboard; sourceTree = "<group>"; };
		E51A13C7191B59AE00990CD5 /* ViewController.h */ = {isa = PBXFileReference; lastKnownFileType = sourcecode.c.h; path = ViewController.h; sourceTree = "<group>"; };
		E51A13C8191B59AE00990CD5 /* ViewController.m */ = {isa = PBXFileReference; lastKnownFileType = sourcecode.c.objc; path = ViewController.m; sourceTree = "<group>"; };
		E51A13CA191B59AE00990CD5 /* Images.xcassets */ = {isa = PBXFileReference; lastKnownFileType = folder.assetcatalog; path = Images.xcassets; sourceTree = "<group>"; };
		E51A13D0191B59AE00990CD5 /* BonRevoirTests.xctest */ = {isa = PBXFileReference; explicitFileType = wrapper.cfbundle; includeInIndex = 0; path = BonRevoirTests.xctest; sourceTree = BUILT_PRODUCTS_DIR; };
		E51A13D1191B59AE00990CD5 /* XCTest.framework */ = {isa = PBXFileReference; lastKnownFileType = wrapper.framework; name = XCTest.framework; path = Library/Frameworks/XCTest.framework; sourceTree = DEVELOPER_DIR; };
		E51A13D9191B59AE00990CD5 /* BonRevoirTests-Info.plist */ = {isa = PBXFileReference; lastKnownFileType = text.plist.xml; path = "BonRevoirTests-Info.plist"; sourceTree = "<group>"; };
		E51A13DB191B59AE00990CD5 /* en */ = {isa = PBXFileReference; lastKnownFileType = text.plist.strings; name = en; path = en.lproj/InfoPlist.strings; sourceTree = "<group>"; };
		E51A13DD191B59AE00990CD5 /* BonRevoirTests.m */ = {isa = PBXFileReference; lastKnownFileType = sourcecode.c.objc; path = BonRevoirTests.m; sourceTree = "<group>"; };
/* End PBXFileReference section */

/* Begin PBXFrameworksBuildPhase section */
		E51A13AC191B59AE00990CD5 /* Frameworks */ = {
			isa = PBXFrameworksBuildPhase;
			buildActionMask = 2147483647;
			files = (
				E51A13B5191B59AE00990CD5 /* CoreGraphics.framework in Frameworks */,
				E51A13B7191B59AE00990CD5 /* UIKit.framework in Frameworks */,
				E51A13B3191B59AE00990CD5 /* Foundation.framework in Frameworks */,
			);
			runOnlyForDeploymentPostprocessing = 0;
		};
		E51A13CD191B59AE00990CD5 /* Frameworks */ = {
			isa = PBXFrameworksBuildPhase;
			buildActionMask = 2147483647;
			files = (
				E51A13D2191B59AE00990CD5 /* XCTest.framework in Frameworks */,
				E51A13D4191B59AE00990CD5 /* UIKit.framework in Frameworks */,
				E51A13D3191B59AE00990CD5 /* Foundation.framework in Frameworks */,
			);
			runOnlyForDeploymentPostprocessing = 0;
		};
/* End PBXFrameworksBuildPhase section */

/* Begin PBXGroup section */
		E51A13A6191B59AE00990CD5 = {
			isa = PBXGroup;
			children = (
				E51A13B8191B59AE00990CD5 /* BonRevoir */,
				E51A13D7191B59AE00990CD5 /* BonRevoirTests */,
				E51A13B1191B59AE00990CD5 /* Frameworks */,
				E51A13B0191B59AE00990CD5 /* Products */,
			);
			sourceTree = "<group>";
		};
		E51A13B0191B59AE00990CD5 /* Products */ = {
			isa = PBXGroup;
			children = (
				E51A13AF191B59AE00990CD5 /* BonRevoir.app */,
				E51A13D0191B59AE00990CD5 /* BonRevoirTests.xctest */,
			);
			name = Products;
			sourceTree = "<group>";
		};
		E51A13B1191B59AE00990CD5 /* Frameworks */ = {
			isa = PBXGroup;
			children = (
				E51A13B2191B59AE00990CD5 /* Foundation.framework */,
				E51A13B4191B59AE00990CD5 /* CoreGraphics.framework */,
				E51A13B6191B59AE00990CD5 /* UIKit.framework */,
				E51A13D1191B59AE00990CD5 /* XCTest.framework */,
			);
			name = Frameworks;
			sourceTree = "<group>";
		};
		E51A13B8191B59AE00990CD5 /* BonRevoir */ = {
			isa = PBXGroup;
			children = (
				E51A13C1191B59AE00990CD5 /* AppDelegate.h */,
				E51A13C2191B59AE00990CD5 /* AppDelegate.m */,
				E51A13C4191B59AE00990CD5 /* Main.storyboard */,
				E51A13C7191B59AE00990CD5 /* ViewController.h */,
				E51A13C8191B59AE00990CD5 /* ViewController.m */,
				E51A13CA191B59AE00990CD5 /* Images.xcassets */,
				E51A13B9191B59AE00990CD5 /* Supporting Files */,
			);
			path = BonRevoir;
			sourceTree = "<group>";
		};
		E51A13B9191B59AE00990CD5 /* Supporting Files */ = {
			isa = PBXGroup;
			children = (
				E51A13BA191B59AE00990CD5 /* BonRevoir-Info.plist */,
				E51A13BB191B59AE00990CD5 /* InfoPlist.strings */,
				E51A13BE191B59AE00990CD5 /* main.m */,
				E51A13C0191B59AE00990CD5 /* BonRevoir-Prefix.pch */,
			);
			name = "Supporting Files";
			sourceTree = "<group>";
		};
		E51A13D7191B59AE00990CD5 /* BonRevoirTests */ = {
			isa = PBXGroup;
			children = (
				E51A13DD191B59AE00990CD5 /* BonRevoirTests.m */,
				E51A13D8191B59AE00990CD5 /* Supporting Files */,
			);
			path = BonRevoirTests;
			sourceTree = "<group>";
		};
		E51A13D8191B59AE00990CD5 /* Supporting Files */ = {
			isa = PBXGroup;
			children = (
				E51A13D9191B59AE00990CD5 /* BonRevoirTests-Info.plist */,
				E51A13DA191B59AE00990CD5 /* InfoPlist.strings */,
			);
			name = "Supporting Files";
			sourceTree = "<group>";
		};
/* End PBXGroup section */

/* Begin PBXNativeTarget section */
		E51A13AE191B59AE00990CD5 /* BonRevoir */ = {
			isa = PBXNativeTarget;
			buildConfigurationList = E51A13E1191B59AE00990CD5 /* Build configuration list for PBXNativeTarget "BonRevoir" */;
			buildPhases = (
				E51A13AB191B59AE00990CD5 /* Sources */,
				E51A13AC191B59AE00990CD5 /* Frameworks */,
				E51A13AD191B59AE00990CD5 /* Resources */,
				E56B78A81922B0DF002E9B85 /* ShellScript */,
			);
			buildRules = (
			);
			dependencies = (
			);
			name = BonRevoir;
			productName = BonRevoir;
			productReference = E51A13AF191B59AE00990CD5 /* BonRevoir.app */;
			productType = "com.apple.product-type.application";
		};
		E51A13CF191B59AE00990CD5 /* BonRevoirTests */ = {
			isa = PBXNativeTarget;
			buildConfigurationList = E51A13E4191B59AE00990CD5 /* Build configuration list for PBXNativeTarget "BonRevoirTests" */;
			buildPhases = (
				E51A13CC191B59AE00990CD5 /* Sources */,
				E51A13CD191B59AE00990CD5 /* Frameworks */,
				E51A13CE191B59AE00990CD5 /* Resources */,
			);
			buildRules = (
			);
			dependencies = (
				E51A13D6191B59AE00990CD5 /* PBXTargetDependency */,
			);
			name = BonRevoirTests;
			productName = BonRevoirTests;
			productReference = E51A13D0191B59AE00990CD5 /* BonRevoirTests.xctest */;
			productType = "com.apple.product-type.bundle.unit-test";
		};
/* End PBXNativeTarget section */

/* Begin PBXProject section */
		E51A13A7191B59AE00990CD5 /* Project object */ = {
			isa = PBXProject;
			attributes = {
				LastUpgradeCheck = 0510;
				ORGANIZATIONNAME = huy;
				TargetAttributes = {
					E51A13CF191B59AE00990CD5 = {
						TestTargetID = E51A13AE191B59AE00990CD5;
					};
				};
			};
			buildConfigurationList = E51A13AA191B59AE00990CD5 /* Build configuration list for PBXProject "BonRevoir" */;
			compatibilityVersion = "Xcode 3.2";
			developmentRegion = English;
			hasScannedForEncodings = 0;
			knownRegions = (
				en,
				Base,
			);
			mainGroup = E51A13A6191B59AE00990CD5;
			productRefGroup = E51A13B0191B59AE00990CD5 /* Products */;
			projectDirPath = "";
			projectRoot = "";
			targets = (
				E51A13AE191B59AE00990CD5 /* BonRevoir */,
				E51A13CF191B59AE00990CD5 /* BonRevoirTests */,
			);
		};
/* End PBXProject section */

/* Begin PBXResourcesBuildPhase section */
		E51A13AD191B59AE00990CD5 /* Resources */ = {
			isa = PBXResourcesBuildPhase;
			buildActionMask = 2147483647;
			files = (
				E51A13CB191B59AE00990CD5 /* Images.xcassets in Resources */,
				E51A13BD191B59AE00990CD5 /* InfoPlist.strings in Resources */,
				E51A13C6191B59AE00990CD5 /* Main.storyboard in Resources */,
			);
			runOnlyForDeploymentPostprocessing = 0;
		};
		E51A13CE191B59AE00990CD5 /* Resources */ = {
			isa = PBXResourcesBuildPhase;
			buildActionMask = 2147483647;
			files = (
				E51A13DC191B59AE00990CD5 /* InfoPlist.strings in Resources */,
			);
			runOnlyForDeploymentPostprocessing = 0;
		};
/* End PBXResourcesBuildPhase section */

/* Begin PBXShellScriptBuildPhase section */
		E56B78A81922B0DF002E9B85 /* ShellScript */ = {
			isa = PBXShellScriptBuildPhase;
			buildActionMask = 2147483647;
			files = (
			);
			inputPaths = (
			);
			outputPaths = (
			);
			runOnlyForDeploymentPostprocessing = 0;
			shellPath = /bin/sh;
			shellScript = "";
		};
/* End PBXShellScriptBuildPhase section */

/* Begin PBXSourcesBuildPhase section */
		E51A13AB191B59AE00990CD5 /* Sources */ = {
			isa = PBXSourcesBuildPhase;
			buildActionMask = 2147483647;
			files = (
				E51A13C9191B59AE00990CD5 /* ViewController.m in Sources */,
				E51A13C3191B59AE00990CD5 /* AppDelegate.m in Sources */,
				E51A13BF191B59AE00990CD5 /* main.m in Sources */,
			);
			runOnlyForDeploymentPostprocessing = 0;
		};
		E51A13CC191B59AE00990CD5 /* Sources */ = {
			isa = PBXSourcesBuildPhase;
			buildActionMask = 2147483647;
			files = (
				E51A13DE191B59AE00990CD5 /* BonRevoirTests.m in Sources */,
			);
			runOnlyForDeploymentPostprocessing = 0;
		};
/* End PBXSourcesBuildPhase section */

/* Begin PBXTargetDependency section */
		E51A13D6191B59AE00990CD5 /* PBXTargetDependency */ = {
			isa = PBXTargetDependency;
			target = E51A13AE191B59AE00990CD5 /* BonRevoir */;
			targetProxy = E51A13D5191B59AE00990CD5 /* PBXContainerItemProxy */;
		};
/* End PBXTargetDependency section */

/* Begin PBXVariantGroup section */
		E51A13BB191B59AE00990CD5 /* InfoPlist.strings */ = {
			isa = PBXVariantGroup;
			children = (
				E51A13BC191B59AE00990CD5 /* en */,
			);
			name = InfoPlist.strings;
			sourceTree = "<group>";
		};
		E51A13C4191B59AE00990CD5 /* Main.storyboard */ = {
			isa = PBXVariantGroup;
			children = (
				E51A13C5191B59AE00990CD5 /* Base */,
			);
			name = Main.storyboard;
			sourceTree = "<group>";
		};
		E51A13DA191B59AE00990CD5 /* InfoPlist.strings */ = {
			isa = PBXVariantGroup;
			children = (
				E51A13DB191B59AE00990CD5 /* en */,
			);
			name = InfoPlist.strings;
			sourceTree = "<group>";
		};
/* End PBXVariantGroup section */

/* Begin XCBuildConfiguration section */
		E51A13DF191B59AE00990CD5 /* Debug */ = {
			isa = XCBuildConfiguration;
			buildSettings = {
				ALWAYS_SEARCH_USER_PATHS = NO;
				CLANG_CXX_LANGUAGE_STANDARD = "gnu++0x";
				CLANG_CXX_LIBRARY = "libc++";
				CLANG_ENABLE_MODULES = YES;
				CLANG_ENABLE_OBJC_ARC = YES;
				CLANG_WARN_BOOL_CONVERSION = YES;
				CLANG_WARN_CONSTANT_CONVERSION = YES;
				CLANG_WARN_DIRECT_OBJC_ISA_USAGE = YES_ERROR;
				CLANG_WARN_EMPTY_BODY = YES;
				CLANG_WARN_ENUM_CONVERSION = YES;
				CLANG_WARN_INT_CONVERSION = YES;
				CLANG_WARN_OBJC_ROOT_CLASS = YES_ERROR;
				CLANG_WARN__DUPLICATE_METHOD_MATCH = YES;
				"CODE_SIGN_IDENTITY[sdk=iphoneos*]" = "iPhone Developer";
				COPY_PHASE_STRIP = NO;
				GCC_C_LANGUAGE_STANDARD = gnu99;
				GCC_DYNAMIC_NO_PIC = NO;
				GCC_OPTIMIZATION_LEVEL = 0;
				GCC_PREPROCESSOR_DEFINITIONS = (
					"DEBUG=1",
					"$(inherited)",
				);
				GCC_SYMBOLS_PRIVATE_EXTERN = NO;
				GCC_WARN_64_TO_32_BIT_CONVERSION = YES;
				GCC_WARN_ABOUT_RETURN_TYPE = YES_ERROR;
				GCC_WARN_UNDECLARED_SELECTOR = YES;
				GCC_WARN_UNINITIALIZED_AUTOS = YES_AGGRESSIVE;
				GCC_WARN_UNUSED_FUNCTION = YES;
				GCC_WARN_UNUSED_VARIABLE = YES;
				IPHONEOS_DEPLOYMENT_TARGET = 7.1;
				ONLY_ACTIVE_ARCH = YES;
				SDKROOT = iphoneos;
			};
			name = Debug;
		};
		E51A13E0191B59AE00990CD5 /* Release */ = {
			isa = XCBuildConfiguration;
			buildSettings = {
				ALWAYS_SEARCH_USER_PATHS = NO;
				CLANG_CXX_LANGUAGE_STANDARD = "gnu++0x";
				CLANG_CXX_LIBRARY = "libc++";
				CLANG_ENABLE_MODULES = YES;
				CLANG_ENABLE_OBJC_ARC = YES;
				CLANG_WARN_BOOL_CONVERSION = YES;
				CLANG_WARN_CONSTANT_CONVERSION = YES;
				CLANG_WARN_DIRECT_OBJC_ISA_USAGE = YES_ERROR;
				CLANG_WARN_EMPTY_BODY = YES;
				CLANG_WARN_ENUM_CONVERSION = YES;
				CLANG_WARN_INT_CONVERSION = YES;
				CLANG_WARN_OBJC_ROOT_CLASS = YES_ERROR;
				CLANG_WARN__DUPLICATE_METHOD_MATCH = YES;
				"CODE_SIGN_IDENTITY[sdk=iphoneos*]" = "iPhone Developer";
				COPY_PHASE_STRIP = YES;
				ENABLE_NS_ASSERTIONS = NO;
				GCC_C_LANGUAGE_STANDARD = gnu99;
				GCC_WARN_64_TO_32_BIT_CONVERSION = YES;
				GCC_WARN_ABOUT_RETURN_TYPE = YES_ERROR;
				GCC_WARN_UNDECLARED_SELECTOR = YES;
				GCC_WARN_UNINITIALIZED_AUTOS = YES_AGGRESSIVE;
				GCC_WARN_UNUSED_FUNCTION = YES;
				GCC_WARN_UNUSED_VARIABLE = YES;
				IPHONEOS_DEPLOYMENT_TARGET = 7.1;
				SDKROOT = iphoneos;
				VALIDATE_PRODUCT = YES;
			};
			name = Release;
		};
		E51A13E2191B59AE00990CD5 /* Debug */ = {
			isa = XCBuildConfiguration;
			buildSettings = {
				ASSETCATALOG_COMPILER_APPICON_NAME = AppIcon;
				ASSETCATALOG_COMPILER_LAUNCHIMAGE_NAME = LaunchImage;
				GCC_PRECOMPILE_PREFIX_HEADER = YES;
				GCC_PREFIX_HEADER = "BonRevoir/BonRevoir-Prefix.pch";
				INFOPLIST_FILE = "BonRevoir/BonRevoir-Info.plist";
				IPHONEOS_DEPLOYMENT_TARGET = 7.0;
				PRODUCT_NAME = "$(TARGET_NAME)";
				WRAPPER_EXTENSION = app;
			};
			name = Debug;
		};
		E51A13E3191B59AE00990CD5 /* Release */ = {
			isa = XCBuildConfiguration;
			buildSettings = {
				ASSETCATALOG_COMPILER_APPICON_NAME = AppIcon;
				ASSETCATALOG_COMPILER_LAUNCHIMAGE_NAME = LaunchImage;
				GCC_PRECOMPILE_PREFIX_HEADER = YES;
				GCC_PREFIX_HEADER = "BonRevoir/BonRevoir-Prefix.pch";
				INFOPLIST_FILE = "BonRevoir/BonRevoir-Info.plist";
				IPHONEOS_DEPLOYMENT_TARGET = 7.0;
				PRODUCT_NAME = "$(TARGET_NAME)";
				WRAPPER_EXTENSION = app;
			};
			name = Release;
		};
		E51A13E5191B59AE00990CD5 /* Debug */ = {
			isa = XCBuildConfiguration;
			buildSettings = {
				BUNDLE_LOADER = "$(BUILT_PRODUCTS_DIR)/BonRevoir.app/BonRevoir";
				FRAMEWORK_SEARCH_PATHS = (
					"$(SDKROOT)/Developer/Library/Frameworks",
					"$(inherited)",
					"$(DEVELOPER_FRAMEWORKS_DIR)",
				);
				GCC_PRECOMPILE_PREFIX_HEADER = YES;
				GCC_PREFIX_HEADER = "BonRevoir/BonRevoir-Prefix.pch";
				GCC_PREPROCESSOR_DEFINITIONS = (
					"DEBUG=1",
					"$(inherited)",
				);
				INFOPLIST_FILE = "BonRevoirTests/BonRevoirTests-Info.plist";
				PRODUCT_NAME = "$(TARGET_NAME)";
				TEST_HOST = "$(BUNDLE_LOADER)";
				WRAPPER_EXTENSION = xctest;
			};
			name = Debug;
		};
		E51A13E6191B59AE00990CD5 /* Release */ = {
			isa = XCBuildConfiguration;
			buildSettings = {
				BUNDLE_LOADER = "$(BUILT_PRODUCTS_DIR)/BonRevoir.app/BonRevoir";
				FRAMEWORK_SEARCH_PATHS = (
					"$(SDKROOT)/Developer/Library/Frameworks",
					"$(inherited)",
					"$(DEVELOPER_FRAMEWORKS_DIR)",
				);
				GCC_PRECOMPILE_PREFIX_HEADER = YES;
				GCC_PREFIX_HEADER = "BonRevoir/BonRevoir-Prefix.pch";
				INFOPLIST_FILE = "BonRevoirTests/BonRevoirTests-Info.plist";
				PRODUCT_NAME = "$(TARGET_NAME)";
				TEST_HOST = "$(BUNDLE_LOADER)";
				WRAPPER_EXTENSION = xctest;
			};
			name = Release;
		};
/* End XCBuildConfiguration section */

/* Begin XCConfigurationList section */
		E51A13AA191B59AE00990CD5 /* Build configuration list for PBXProject "BonRevoir" */ = {
			isa = XCConfigurationList;
			buildConfigurations = (
				E51A13DF191B59AE00990CD5 /* Debug */,
				E51A13E0191B59AE00990CD5 /* Release */,
			);
			defaultConfigurationIsVisible = 0;
			defaultConfigurationName = Release;
		};
		E51A13E1191B59AE00990CD5 /* Build configuration list for PBXNativeTarget "BonRevoir" */ = {
			isa = XCConfigurationList;
			buildConfigurations = (
				E51A13E2191B59AE00990CD5 /* Debug */,
				E51A13E3191B59AE00990CD5 /* Release */,
			);
			defaultConfigurationIsVisible = 0;
			defaultConfigurationName = Release;
		};
		E51A13E4191B59AE00990CD5 /* Build configuration list for PBXNativeTarget "BonRevoirTests" */ = {
			isa = XCConfigurationList;
			buildConfigurations = (
				E51A13E5191B59AE00990CD5 /* Debug */,
				E51A13E6191B59AE00990CD5 /* Release */,
			);
			defaultConfigurationIsVisible = 0;
			defaultConfigurationName = Release;
		};
/* End XCConfigurationList section */
	};
	rootObject = E51A13A7191B59AE00990CD5 /* Project object */;
}
